{
  "name": "swarm",
  "version": "0.0.1",
  "lockfileVersion": 1,
  "requires": true,
  "dependencies": {
    "asyncm": {
      "version": "1.0.7",
      "resolved": "https://registry.npmjs.org/asyncm/-/asyncm-1.0.7.tgz",
      "integrity": "sha512-Rsbh04mpoTbWnwwoChbQSXJN+dps2pChsBspQb0khk+X8usHgfj+fCgeRO7AeWAGsWCoJwr9VSiso67k06jbWg=="
    }
  }
}
